// !$*UTF8*$!
{
	archiveVersion = 1;
	classes = {
	};
	objectVersion = 46;
	objects = {

/* Begin PBXBuildFile section */
		D961F59D1BC43E6300E6A30F /* AppDelegate.swift in Sources */ = {isa = PBXBuildFile; fileRef = D961F59C1BC43E6300E6A30F /* AppDelegate.swift */; };
		D961F59F1BC43E6300E6A30F /* ViewController.swift in Sources */ = {isa = PBXBuildFile; fileRef = D961F59E1BC43E6300E6A30F /* ViewController.swift */; };
		D961F5A21BC43E6300E6A30F /* Main.storyboard in Resources */ = {isa = PBXBuildFile; fileRef = D961F5A01BC43E6300E6A30F /* Main.storyboard */; };
		D961F5A41BC43E6300E6A30F /* Assets.xcassets in Resources */ = {isa = PBXBuildFile; fileRef = D961F5A31BC43E6300E6A30F /* Assets.xcassets */; };
		D961F5A71BC43E6300E6A30F /* LaunchScreen.storyboard in Resources */ = {isa = PBXBuildFile; fileRef = D961F5A51BC43E6300E6A30F /* LaunchScreen.storyboard */; };
/* End PBXBuildFile section */

/* Begin PBXFileReference section */
		D961F5991BC43E6300E6A30F /* SuperCool.app */ = {isa = PBXFileReference; explicitFileType = wrapper.application; includeInIndex = 0; path = SuperCool.app; sourceTree = BUILT_PRODUCTS_DIR; };
		D961F59C1BC43E6300E6A30F /* AppDelegate.swift */ = {isa = PBXFileReference; lastKnownFileType = sourcecode.swift; path = AppDelegate.swift; sourceTree = "<group>"; };
		D961F59E1BC43E6300E6A30F /* ViewController.swift */ = {isa = PBXFileReference; lastKnownFileType = sourcecode.swift; path = ViewController.swift; sourceTree = "<group>"; };
		D961F5A11BC43E6300E6A30F /* Base */ = {isa = PBXFileReference; lastKnownFileType = file.storyboard; name = Base; path = Base.lproj/Main.storyboard; sourceTree = "<group>"; };
		D961F5A31BC43E6300E6A30F /* Assets.xcassets */ = {isa = PBXFileReference; lastKnownFileType = folder.assetcatalog; path = Assets.xcassets; sourceTree = "<group>"; };
		D961F5A61BC43E6300E6A30F /* Base */ = {isa = PBXFileReference; lastKnownFileType = file.storyboard; name = Base; path = Base.lproj/LaunchScreen.storyboard; sourceTree = "<group>"; };
		D961F5A81BC43E6300E6A30F /* Info.plist */ = {isa = PBXFileReference; lastKnownFileType = text.plist.xml; path = Info.plist; sourceTree = "<group>"; };
/* End PBXFileReference section */

/* Begin PBXFrameworksBuildPhase section */
		D961F5961BC43E6300E6A30F /* Frameworks */ = {
			isa = PBXFrameworksBuildPhase;
			buildActionMask = 2147483647;
			files = (
			);
			runOnlyForDeploymentPostprocessing = 0;
		};
/* End PBXFrameworksBuildPhase section */

/* Begin PBXGroup section */
		D961F5901BC43E6300E6A30F = {
			isa = PBXGroup;
			children = (
				D961F59B1BC43E6300E6A30F /* SuperCool */,
				D961F59A1BC43E6300E6A30F /* Products */,
			);
			sourceTree = "<group>";
		};
		D961F59A1BC43E6300E6A30F /* Products */ = {
			isa = PBXGroup;
			children = (
				D961F5991BC43E6300E6A30F /* SuperCool.app */,
			);
			name = Products;
			sourceTree = "<group>";
		};
		D961F59B1BC43E6300E6A30F /* SuperCool */ = {
			isa = PBXGroup;
			children = (
				D961F59C1BC43E6300E6A30F /* AppDelegate.swift */,
				D961F59E1BC43E6300E6A30F /* ViewController.swift */,
				D961F5A01BC43E6300E6A30F /* Main.storyboard */,
				D961F5A31BC43E6300E6A30F /* Assets.xcassets */,
				D961F5A51BC43E6300E6A30F /* LaunchScreen.storyboard */,
				D961F5A81BC43E6300E6A30F /* Info.plist */,
			);
			path = SuperCool;
			sourceTree = "<group>";
		};
/* End PBXGroup section */

/* Begin PBXNativeTarget section */
		D961F5981BC43E6300E6A30F /* SuperCool */ = {
			isa = PBXNativeTarget;
			buildConfigurationList = D961F5AB1BC43E6300E6A30F /* Build configuration list for PBXNativeTarget "SuperCool" */;
			buildPhases = (
				D961F5951BC43E6300E6A30F /* Sources */,
				D961F5961BC43E6300E6A30F /* Frameworks */,
				D961F5971BC43E6300E6A30F /* Resources */,
			);
			buildRules = (
			);
			dependencies = (
			);
			name = SuperCool;
			productName = SuperCool;
			productReference = D961F5991BC43E6300E6A30F /* SuperCool.app */;
			productType = "com.apple.product-type.application";
		};
/* End PBXNativeTarget section */

/* Begin PBXProject section */
		D961F5911BC43E6300E6A30F /* Project object */ = {
			isa = PBXProject;
			attributes = {
				LastUpgradeCheck = 0700;
				ORGANIZATIONNAME = "Alexander Polezhaev";
				TargetAttributes = {
					D961F5981BC43E6300E6A30F = {
						CreatedOnToolsVersion = 7.0.1;
						DevelopmentTeam = 9L7DFCK2GM;
					};
				};
			};
			buildConfigurationList = D961F5941BC43E6300E6A30F /* Build configuration list for PBXProject "SuperCool" */;
			compatibilityVersion = "Xcode 3.2";
			developmentRegion = English;
			hasScannedForEncodings = 0;
			knownRegions = (
				en,
				Base,
			);
			mainGroup = D961F5901BC43E6300E6A30F;
			productRefGroup = D961F59A1BC43E6300E6A30F /* Products */;
			projectDirPath = "";
			projectRoot = "";
			targets = (
				D961F5981BC43E6300E6A30F /* SuperCool */,
			);
		};
/* End PBXProject section */

/* Begin PBXResourcesBuildPhase section */
		D961F5971BC43E6300E6A30F /* Resources */ = {
			isa = PBXResourcesBuildPhase;
			buildActionMask = 2147483647;
			files = (
				D961F5A71BC43E6300E6A30F /* LaunchScreen.storyboard in Resources */,
				D961F5A41BC43E6300E6A30F /* Assets.xcassets in Resources */,
				D961F5A21BC43E6300E6A30F /* Main.storyboard in Resources */,
			);
			runOnlyForDeploymentPostprocessing = 0;
		};
/* End PBXResourcesBuildPhase section */

/* Begin PBXSourcesBuildPhase section */
		D961F5951BC43E6300E6A30F /* Sources */ = {
			isa = PBXSourcesBuildPhase;
			buildActionMask = 2147483647;
			files = (
				D961F59F1BC43E6300E6A30F /* ViewController.swift in Sources */,
				D961F59D1BC43E6300E6A30F /* AppDelegate.swift in Sources */,
			);
			runOnlyForDeploymentPostprocessing = 0;
		};
/* End PBXSourcesBuildPhase section */

/* Begin PBXVariantGroup section */
		D961F5A01BC43E6300E6A30F /* Main.storyboard */ = {
			isa = PBXVariantGroup;
			children = (
				D961F5A11BC43E6300E6A30F /* Base */,
			);
			name = Main.storyboard;
			sourceTree = "<group>";
		};
		D961F5A51BC43E6300E6A30F /* LaunchScreen.storyboard */ = {
			isa = PBXVariantGroup;
			children = (
				D961F5A61BC43E6300E6A30F /* Base */,
			);
			name = LaunchScreen.storyboard;
			sourceTree = "<group>";
		};
/* End PBXVariantGroup section */

/* Begin XCBuildConfiguration section */
		D961F5A91BC43E6300E6A30F /* Debug */ = {
			isa = XCBuildConfiguration;
			buildSettings = {
				ALWAYS_SEARCH_USER_PATHS = NO;
				CLANG_CXX_LANGUAGE_STANDARD = "gnu++0x";
				CLANG_CXX_LIBRARY = "libc++";
				CLANG_ENABLE_MODULES = YES;
				CLANG_ENABLE_OBJC_ARC = YES;
				CLANG_WARN_BOOL_CONVERSION = YES;
				CLANG_WARN_CONSTANT_CONVERSION = YES;
				CLANG_WARN_DIRECT_OBJC_ISA_USAGE = YES_ERROR;
				CLANG_WARN_EMPTY_BODY = YES;
				CLANG_WARN_ENUM_CONVERSION = YES;
				CLANG_WARN_INT_CONVERSION = YES;
				CLANG_WARN_OBJC_ROOT_CLASS = YES_ERROR;
				CLANG_WARN_UNREACHABLE_CODE = YES;
				CLANG_WARN__DUPLICATE_METHOD_MATCH = YES;
				"CODE_SIGN_IDENTITY[sdk=iphoneos*]" = "iPhone Developer";
				COPY_PHASE_STRIP = NO;
				DEBUG_INFORMATION_FORMAT = dwarf;
				ENABLE_STRICT_OBJC_MSGSEND = YES;
				ENABLE_TESTABILITY = YES;
				GCC_C_LANGUAGE_STANDARD = gnu99;
				GCC_DYNAMIC_NO_PIC = NO;
				GCC_NO_COMMON_BLOCKS = YES;
				GCC_OPTIMIZATION_LEVEL = 0;
				GCC_PREPROCESSOR_DEFINITIONS = (
					"DEBUG=1",
					"$(inherited)",
				);
				GCC_WARN_64_TO_32_BIT_CONVERSION = YES;
				GCC_WARN_ABOUT_RETURN_TYPE = YES_ERROR;
				GCC_WARN_UNDECLARED_SELECTOR = YES;
				GCC_WARN_UNINITIALIZED_AUTOS = YES_AGGRESSIVE;
				GCC_WARN_UNUSED_FUNCTION = YES;
				GCC_WARN_UNUSED_VARIABLE = YES;
				IPHONEOS_DEPLOYMENT_TARGET = 9.0;
				MTL_ENABLE_DEBUG_INFO = YES;
				ONLY_ACTIVE_ARCH = YES;
				SDKROOT = iphoneos;
				SWIFT_OPTIMIZATION_LEVEL = "-Onone";
			};
			name = Debug;
		};
		D961F5AA1BC43E6300E6A30F /* Release */ = {
			isa = XCBuildConfiguration;
			buildSettings = {
				ALWAYS_SEARCH_USER_PATHS = NO;
				CLANG_CXX_LANGUAGE_STANDARD = "gnu++0x";
				CLANG_CXX_LIBRARY = "libc++";
				CLANG_ENABLE_MODULES = YES;
				CLANG_ENABLE_OBJC_ARC = YES;
				CLANG_WARN_BOOL_CONVERSION = YES;
				CLANG_WARN_CONSTANT_CONVERSION = YES;
				CLANG_WARN_DIRECT_OBJC_ISA_USAGE = YES_ERROR;
				CLANG_WARN_EMPTY_BODY = YES;
				CLANG_WARN_ENUM_CONVERSION = YES;
				CLANG_WARN_INT_CONVERSION = YES;
				CLANG_WARN_OBJC_ROOT_CLASS = YES_ERROR;
				CLANG_WARN_UNREACHABLE_CODE = YES;
				CLANG_WARN__DUPLICATE_METHOD_MATCH = YES;
				"CODE_SIGN_IDENTITY[sdk=iphoneos*]" = "iPhone Developer";
				COPY_PHASE_STRIP = NO;
				DEBUG_INFORMATION_FORMAT = "dwarf-with-dsym";
				ENABLE_NS_ASSERTIONS = NO;
				ENABLE_STRICT_OBJC_MSGSEND = YES;
				GCC_C_LANGUAGE_STANDARD = gnu99;
				GCC_NO_COMMON_BLOCKS = YES;
				GCC_WARN_64_TO_32_BIT_CONVERSION = YES;
				GCC_WARN_ABOUT_RETURN_TYPE = YES_ERROR;
				GCC_WARN_UNDECLARED_SELECTOR = YES;
				GCC_WARN_UNINITIALIZED_AUTOS = YES_AGGRESSIVE;
				GCC_WARN_UNUSED_FUNCTION = YES;
				GCC_WARN_UNUSED_VARIABLE = YES;
				IPHONEOS_DEPLOYMENT_TARGET = 9.0;
				MTL_ENABLE_DEBUG_INFO = NO;
				SDKROOT = iphoneos;
				VALIDATE_PRODUCT = YES;
			};
			name = Release;
		};
		D961F5AC1BC43E6300E6A30F /* Debug */ = {
			isa = XCBuildConfiguration;
			buildSettings = {
				ASSETCATALOG_COMPILER_APPICON_NAME = AppIcon;
				CODE_SIGN_IDENTITY = "iPhone Developer";
				"CODE_SIGN_IDENTITY[sdk=iphoneos*]" = "iPhone Developer";
				INFOPLIST_FILE = SuperCool/Info.plist;
				LD_RUNPATH_SEARCH_PATHS = "$(inherited) @executable_path/Frameworks";
				PRODUCT_BUNDLE_IDENTIFIER = com.polezhaev.SuperCool;
				PRODUCT_NAME = "$(TARGET_NAME)";
				PROVISIONING_PROFILE = "";
			};
			name = Debug;
		};
		D961F5AD1BC43E6300E6A30F /* Release */ = {
			isa = XCBuildConfiguration;
			buildSettings = {
				ASSETCATALOG_COMPILER_APPICON_NAME = AppIcon;
				CODE_SIGN_IDENTITY = "iPhone Developer";
				"CODE_SIGN_IDENTITY[sdk=iphoneos*]" = "iPhone Developer";
				INFOPLIST_FILE = SuperCool/Info.plist;
				LD_RUNPATH_SEARCH_PATHS = "$(inherited) @executable_path/Frameworks";
				PRODUCT_BUNDLE_IDENTIFIER = com.polezhaev.SuperCool;
				PRODUCT_NAME = "$(TARGET_NAME)";
				PROVISIONING_PROFILE = "";
			};
			name = Release;
		};
/* End XCBuildConfiguration section */

/* Begin XCConfigurationList section */
		D961F5941BC43E6300E6A30F /* Build configuration list for PBXProject "SuperCool" */ = {
			isa = XCConfigurationList;
			buildConfigurations = (
				D961F5A91BC43E6300E6A30F /* Debug */,
				D961F5AA1BC43E6300E6A30F /* Release */,
			);
			defaultConfigurationIsVisible = 0;
			defaultConfigurationName = Release;
		};
		D961F5AB1BC43E6300E6A30F /* Build configuration list for PBXNativeTarget "SuperCool" */ = {
			isa = XCConfigurationList;
			buildConfigurations = (
				D961F5AC1BC43E6300E6A30F /* Debug */,
				D961F5AD1BC43E6300E6A30F /* Release */,
			);
			defaultConfigurationIsVisible = 0;
		};
/* End XCConfigurationList section */
	};
	rootObject = D961F5911BC43E6300E6A30F /* Project object */;
}
